
Microsoft Visual Studio Solution File, Format Version 12.00
# Visual Studio Version 16
VisualStudioVersion = 16.0.28803.156
MinimumVisualStudioVersion = 10.0.40219.1
Project("{FAE04EC0-301F-11D3-BF4B-00C04F79EFBC}") = "EVStationScanner", "EVStationScanner\EVStationScanner.csproj", "{3033A149-83F1-41C6-8601-2253BAFD3CD6}"
EndProject
Global
	GlobalSection(SolutionConfigurationPlatforms) = preSolution
		Debug|Any CPU = Debug|Any CPU
		Release|Any CPU = Release|Any CPU
	EndGlobalSection
	GlobalSection(ProjectConfigurationPlatforms) = postSolution
		{3033A149-83F1-41C6-8601-2253BAFD3CD6}.Debug|Any CPU.ActiveCfg = Debug|Any CPU
		{3033A149-83F1-41C6-8601-2253BAFD3CD6}.Debug|Any CPU.Build.0 = Debug|Any CPU
		{3033A149-83F1-41C6-8601-2253BAFD3CD6}.Release|Any CPU.ActiveCfg = Release|Any CPU
		{3033A149-83F1-41C6-8601-2253BAFD3CD6}.Release|Any CPU.Build.0 = Release|Any CPU
	EndGlobalSection
	GlobalSection(SolutionProperties) = preSolution
		HideSolutionNode = FALSE
	EndGlobalSection
	GlobalSection(ExtensibilityGlobals) = postSolution
		SolutionGuid = {F69C3DD5-D0AD-444B-A47C-98AC8B8C7411}
	EndGlobalSection
EndGlobal
